
Microsoft Visual Studio Solution File, Format Version 12.00
# Visual Studio 15
VisualStudioVersion = 15.0.28010.2036
MinimumVisualStudioVersion = 10.0.40219.1
Project("{FAE04EC0-301F-11D3-BF4B-00C04F79EFBC}") = "Projekt 2", "Projekt 2\Projekt 2.csproj", "{54CF2D92-E0D4-4B7A-8BFA-A570D2AEA962}"
EndProject
Global
	GlobalSection(SolutionConfigurationPlatforms) = preSolution
		Debug|Any CPU = Debug|Any CPU
		Release|Any CPU = Release|Any CPU
	EndGlobalSection
	GlobalSection(ProjectConfigurationPlatforms) = postSolution
		{54CF2D92-E0D4-4B7A-8BFA-A570D2AEA962}.Debug|Any CPU.ActiveCfg = Debug|Any CPU
		{54CF2D92-E0D4-4B7A-8BFA-A570D2AEA962}.Debug|Any CPU.Build.0 = Debug|Any CPU
		{54CF2D92-E0D4-4B7A-8BFA-A570D2AEA962}.Release|Any CPU.ActiveCfg = Release|Any CPU
		{54CF2D92-E0D4-4B7A-8BFA-A570D2AEA962}.Release|Any CPU.Build.0 = Release|Any CPU
	EndGlobalSection
	GlobalSection(SolutionProperties) = preSolution
		HideSolutionNode = FALSE
	EndGlobalSection
	GlobalSection(ExtensibilityGlobals) = postSolution
		SolutionGuid = {8E1571F5-54A8-48B4-B714-F7AA95556949}
	EndGlobalSection
EndGlobal
